
Microsoft Visual Studio Solution File, Format Version 12.00
# Visual Studio Version 17
VisualStudioVersion = 17.8.34511.84
MinimumVisualStudioVersion = 10.0.40219.1
Project("{FAE04EC0-301F-11D3-BF4B-00C04F79EFBC}") = "MVC-ASP_NET", "MVC-ASP_NET.csproj", "{DD6F0315-7827-44A0-8814-A5CC3F50A277}"
EndProject
Global
	GlobalSection(SolutionConfigurationPlatforms) = preSolution
		Debug|Any CPU = Debug|Any CPU
		Release|Any CPU = Release|Any CPU
	EndGlobalSection
	GlobalSection(ProjectConfigurationPlatforms) = postSolution
		{DD6F0315-7827-44A0-8814-A5CC3F50A277}.Debug|Any CPU.ActiveCfg = Debug|Any CPU
		{DD6F0315-7827-44A0-8814-A5CC3F50A277}.Debug|Any CPU.Build.0 = Debug|Any CPU
		{DD6F0315-7827-44A0-8814-A5CC3F50A277}.Release|Any CPU.ActiveCfg = Release|Any CPU
		{DD6F0315-7827-44A0-8814-A5CC3F50A277}.Release|Any CPU.Build.0 = Release|Any CPU
	EndGlobalSection
	GlobalSection(SolutionProperties) = preSolution
		HideSolutionNode = FALSE
	EndGlobalSection
	GlobalSection(ExtensibilityGlobals) = postSolution
		SolutionGuid = {9FFACD2C-2E1F-4E3A-A575-516022976AB8}
	EndGlobalSection
EndGlobal
